
Microsoft Visual Studio Solution File, Format Version 12.00
# Visual Studio 15
VisualStudioVersion = 15.0.28307.705
MinimumVisualStudioVersion = 10.0.40219.1
Project("{FAE04EC0-301F-11D3-BF4B-00C04F79EFBC}") = "AdminApp", "AdminApp\AdminApp.csproj", "{A315DA23-0546-4A04-99F7-E8507AD7770E}"
EndProject
Global
	GlobalSection(SolutionConfigurationPlatforms) = preSolution
		Debug|Any CPU = Debug|Any CPU
		Release|Any CPU = Release|Any CPU
	EndGlobalSection
	GlobalSection(ProjectConfigurationPlatforms) = postSolution
		{A315DA23-0546-4A04-99F7-E8507AD7770E}.Debug|Any CPU.ActiveCfg = Debug|Any CPU
		{A315DA23-0546-4A04-99F7-E8507AD7770E}.Debug|Any CPU.Build.0 = Debug|Any CPU
		{A315DA23-0546-4A04-99F7-E8507AD7770E}.Release|Any CPU.ActiveCfg = Release|Any CPU
		{A315DA23-0546-4A04-99F7-E8507AD7770E}.Release|Any CPU.Build.0 = Release|Any CPU
	EndGlobalSection
	GlobalSection(SolutionProperties) = preSolution
		HideSolutionNode = FALSE
	EndGlobalSection
	GlobalSection(ExtensibilityGlobals) = postSolution
		SolutionGuid = {CB877E77-B097-4738-9F0E-7D6D7345208C}
	EndGlobalSection
EndGlobal
